// !$*UTF8*$!
{
	archiveVersion = 1;
	classes = {
	};
	objectVersion = 46;
	objects = {

/* Begin PBXFileReference section */
		169F15141AE961C900A19826 /* PachinkoMain.cpp */ = {isa = PBXFileReference; lastKnownFileType = sourcecode.cpp.cpp; name = PachinkoMain.cpp; path = ../Arduino/Pachinko/PachinkoMain.cpp; sourceTree = "<group>"; };
		169F15151AE961C900A19826 /* PachinkoMain.h */ = {isa = PBXFileReference; lastKnownFileType = sourcecode.c.h; name = PachinkoMain.h; path = ../Arduino/Pachinko/PachinkoMain.h; sourceTree = "<group>"; };
/* End PBXFileReference section */

/* Begin PBXGroup section */
		1608DE551AE54B7500934829 = {
			isa = PBXGroup;
			children = (
				169F15141AE961C900A19826 /* PachinkoMain.cpp */,
				169F15151AE961C900A19826 /* PachinkoMain.h */,
			);
			sourceTree = "<group>";
		};
/* End PBXGroup section */

/* Begin PBXProject section */
		1608DE561AE54B7500934829 /* Project object */ = {
			isa = PBXProject;
			attributes = {
				LastUpgradeCheck = 0630;
			};
			buildConfigurationList = 1608DE591AE54B7500934829 /* Build configuration list for PBXProject "PachinkoCode" */;
			compatibilityVersion = "Xcode 3.2";
			developmentRegion = English;
			hasScannedForEncodings = 0;
			knownRegions = (
				en,
			);
			mainGroup = 1608DE551AE54B7500934829;
			projectDirPath = "";
			projectRoot = "";
			targets = (
			);
		};
/* End PBXProject section */

/* Begin XCBuildConfiguration section */
		1608DE5A1AE54B7500934829 /* Debug */ = {
			isa = XCBuildConfiguration;
			buildSettings = {
			};
			name = Debug;
		};
		1608DE5B1AE54B7500934829 /* Release */ = {
			isa = XCBuildConfiguration;
			buildSettings = {
			};
			name = Release;
		};
/* End XCBuildConfiguration section */

/* Begin XCConfigurationList section */
		1608DE591AE54B7500934829 /* Build configuration list for PBXProject "PachinkoCode" */ = {
			isa = XCConfigurationList;
			buildConfigurations = (
				1608DE5A1AE54B7500934829 /* Debug */,
				1608DE5B1AE54B7500934829 /* Release */,
			);
			defaultConfigurationIsVisible = 0;
			defaultConfigurationName = Release;
		};
/* End XCConfigurationList section */
	};
	rootObject = 1608DE561AE54B7500934829 /* Project object */;
}
