// !$*UTF8*$!
{
	archiveVersion = 1;
	classes = {
	};
	objectVersion = 46;
	objects = {

/* Begin PBXBuildFile section */
		161D1A67197463710061070C /* Platform.cpp in Sources */ = {isa = PBXBuildFile; fileRef = 161D1A65197463710061070C /* Platform.cpp */; };
		161D1A68197463710061070C /* Platform.h in Headers */ = {isa = PBXBuildFile; fileRef = 161D1A66197463710061070C /* Platform.h */; };
		161D1A6B197465E40061070C /* Saved.cpp in Sources */ = {isa = PBXBuildFile; fileRef = 161D1A69197465E40061070C /* Saved.cpp */; };
		161D1A6C197465E40061070C /* Saved.h in Headers */ = {isa = PBXBuildFile; fileRef = 161D1A6A197465E40061070C /* Saved.h */; };
		16F77A131977F4C0001798FF /* RNAnimation.cpp in Sources */ = {isa = PBXBuildFile; fileRef = 16F77A111977F4C0001798FF /* RNAnimation.cpp */; };
		16F77A141977F4C0001798FF /* RNAnimation.h in Headers */ = {isa = PBXBuildFile; fileRef = 16F77A121977F4C0001798FF /* RNAnimation.h */; };
		16F77A171977F512001798FF /* RNLights.cpp in Sources */ = {isa = PBXBuildFile; fileRef = 16F77A151977F512001798FF /* RNLights.cpp */; };
		16F77A181977F512001798FF /* RNLights.h in Headers */ = {isa = PBXBuildFile; fileRef = 16F77A161977F512001798FF /* RNLights.h */; };
		16F77A1B1977F53A001798FF /* RNInfo.cpp in Sources */ = {isa = PBXBuildFile; fileRef = 16F77A191977F53A001798FF /* RNInfo.cpp */; };
		16F77A1C1977F53A001798FF /* RNInfo.h in Headers */ = {isa = PBXBuildFile; fileRef = 16F77A1A1977F53A001798FF /* RNInfo.h */; };
/* End PBXBuildFile section */

/* Begin PBXFileReference section */
		161D1A5E197463600061070C /* libPlatformData.a */ = {isa = PBXFileReference; explicitFileType = archive.ar; includeInIndex = 0; path = libPlatformData.a; sourceTree = BUILT_PRODUCTS_DIR; };
		161D1A65197463710061070C /* Platform.cpp */ = {isa = PBXFileReference; fileEncoding = 4; lastKnownFileType = sourcecode.cpp.cpp; path = Platform.cpp; sourceTree = "<group>"; };
		161D1A66197463710061070C /* Platform.h */ = {isa = PBXFileReference; fileEncoding = 4; lastKnownFileType = sourcecode.c.h; path = Platform.h; sourceTree = "<group>"; };
		161D1A69197465E40061070C /* Saved.cpp */ = {isa = PBXFileReference; fileEncoding = 4; lastKnownFileType = sourcecode.cpp.cpp; path = Saved.cpp; sourceTree = "<group>"; };
		161D1A6A197465E40061070C /* Saved.h */ = {isa = PBXFileReference; fileEncoding = 4; lastKnownFileType = sourcecode.c.h; path = Saved.h; sourceTree = "<group>"; };
		16F77A111977F4C0001798FF /* RNAnimation.cpp */ = {isa = PBXFileReference; fileEncoding = 4; lastKnownFileType = sourcecode.cpp.cpp; path = RNAnimation.cpp; sourceTree = "<group>"; };
		16F77A121977F4C0001798FF /* RNAnimation.h */ = {isa = PBXFileReference; fileEncoding = 4; lastKnownFileType = sourcecode.c.h; path = RNAnimation.h; sourceTree = "<group>"; };
		16F77A151977F512001798FF /* RNLights.cpp */ = {isa = PBXFileReference; fileEncoding = 4; lastKnownFileType = sourcecode.cpp.cpp; path = RNLights.cpp; sourceTree = "<group>"; };
		16F77A161977F512001798FF /* RNLights.h */ = {isa = PBXFileReference; fileEncoding = 4; lastKnownFileType = sourcecode.c.h; path = RNLights.h; sourceTree = "<group>"; };
		16F77A191977F53A001798FF /* RNInfo.cpp */ = {isa = PBXFileReference; fileEncoding = 4; lastKnownFileType = sourcecode.cpp.cpp; path = RNInfo.cpp; sourceTree = "<group>"; };
		16F77A1A1977F53A001798FF /* RNInfo.h */ = {isa = PBXFileReference; fileEncoding = 4; lastKnownFileType = sourcecode.c.h; path = RNInfo.h; sourceTree = "<group>"; };
/* End PBXFileReference section */

/* Begin PBXFrameworksBuildPhase section */
		161D1A5B197463600061070C /* Frameworks */ = {
			isa = PBXFrameworksBuildPhase;
			buildActionMask = 2147483647;
			files = (
			);
			runOnlyForDeploymentPostprocessing = 0;
		};
/* End PBXFrameworksBuildPhase section */

/* Begin PBXGroup section */
		161D1A55197463600061070C = {
			isa = PBXGroup;
			children = (
				161D1A65197463710061070C /* Platform.cpp */,
				161D1A66197463710061070C /* Platform.h */,
				161D1A69197465E40061070C /* Saved.cpp */,
				161D1A6A197465E40061070C /* Saved.h */,
				16F77A111977F4C0001798FF /* RNAnimation.cpp */,
				16F77A121977F4C0001798FF /* RNAnimation.h */,
				16F77A191977F53A001798FF /* RNInfo.cpp */,
				16F77A1A1977F53A001798FF /* RNInfo.h */,
				16F77A151977F512001798FF /* RNLights.cpp */,
				16F77A161977F512001798FF /* RNLights.h */,
				161D1A5F197463600061070C /* Products */,
			);
			sourceTree = "<group>";
		};
		161D1A5F197463600061070C /* Products */ = {
			isa = PBXGroup;
			children = (
				161D1A5E197463600061070C /* libPlatformData.a */,
			);
			name = Products;
			sourceTree = "<group>";
		};
/* End PBXGroup section */

/* Begin PBXHeadersBuildPhase section */
		161D1A5C197463600061070C /* Headers */ = {
			isa = PBXHeadersBuildPhase;
			buildActionMask = 2147483647;
			files = (
				16F77A141977F4C0001798FF /* RNAnimation.h in Headers */,
				16F77A1C1977F53A001798FF /* RNInfo.h in Headers */,
				161D1A6C197465E40061070C /* Saved.h in Headers */,
				161D1A68197463710061070C /* Platform.h in Headers */,
				16F77A181977F512001798FF /* RNLights.h in Headers */,
			);
			runOnlyForDeploymentPostprocessing = 0;
		};
/* End PBXHeadersBuildPhase section */

/* Begin PBXNativeTarget section */
		161D1A5D197463600061070C /* PlatformData */ = {
			isa = PBXNativeTarget;
			buildConfigurationList = 161D1A62197463600061070C /* Build configuration list for PBXNativeTarget "PlatformData" */;
			buildPhases = (
				161D1A5A197463600061070C /* Sources */,
				161D1A5B197463600061070C /* Frameworks */,
				161D1A5C197463600061070C /* Headers */,
			);
			buildRules = (
			);
			dependencies = (
			);
			name = PlatformData;
			productName = PlatformData;
			productReference = 161D1A5E197463600061070C /* libPlatformData.a */;
			productType = "com.apple.product-type.library.static";
		};
/* End PBXNativeTarget section */

/* Begin PBXProject section */
		161D1A56197463600061070C /* Project object */ = {
			isa = PBXProject;
			attributes = {
				LastUpgradeCheck = 0510;
				ORGANIZATIONNAME = RN;
			};
			buildConfigurationList = 161D1A59197463600061070C /* Build configuration list for PBXProject "PlatformData" */;
			compatibilityVersion = "Xcode 3.2";
			developmentRegion = English;
			hasScannedForEncodings = 0;
			knownRegions = (
				en,
			);
			mainGroup = 161D1A55197463600061070C;
			productRefGroup = 161D1A5F197463600061070C /* Products */;
			projectDirPath = "";
			projectRoot = "";
			targets = (
				161D1A5D197463600061070C /* PlatformData */,
			);
		};
/* End PBXProject section */

/* Begin PBXSourcesBuildPhase section */
		161D1A5A197463600061070C /* Sources */ = {
			isa = PBXSourcesBuildPhase;
			buildActionMask = 2147483647;
			files = (
				16F77A171977F512001798FF /* RNLights.cpp in Sources */,
				16F77A1B1977F53A001798FF /* RNInfo.cpp in Sources */,
				16F77A131977F4C0001798FF /* RNAnimation.cpp in Sources */,
				161D1A67197463710061070C /* Platform.cpp in Sources */,
				161D1A6B197465E40061070C /* Saved.cpp in Sources */,
			);
			runOnlyForDeploymentPostprocessing = 0;
		};
/* End PBXSourcesBuildPhase section */

/* Begin XCBuildConfiguration section */
		161D1A60197463600061070C /* Debug */ = {
			isa = XCBuildConfiguration;
			buildSettings = {
				ALWAYS_SEARCH_USER_PATHS = NO;
				CLANG_CXX_LANGUAGE_STANDARD = "gnu++0x";
				CLANG_CXX_LIBRARY = "libc++";
				CLANG_ENABLE_MODULES = YES;
				CLANG_ENABLE_OBJC_ARC = YES;
				CLANG_WARN_BOOL_CONVERSION = YES;
				CLANG_WARN_CONSTANT_CONVERSION = YES;
				CLANG_WARN_DIRECT_OBJC_ISA_USAGE = YES_ERROR;
				CLANG_WARN_EMPTY_BODY = YES;
				CLANG_WARN_ENUM_CONVERSION = YES;
				CLANG_WARN_INT_CONVERSION = YES;
				CLANG_WARN_OBJC_ROOT_CLASS = YES_ERROR;
				CLANG_WARN__DUPLICATE_METHOD_MATCH = YES;
				COPY_PHASE_STRIP = NO;
				GCC_C_LANGUAGE_STANDARD = gnu99;
				GCC_DYNAMIC_NO_PIC = NO;
				GCC_ENABLE_OBJC_EXCEPTIONS = YES;
				GCC_OPTIMIZATION_LEVEL = 0;
				GCC_PREPROCESSOR_DEFINITIONS = (
					"DEBUG=1",
					"$(inherited)",
				);
				GCC_SYMBOLS_PRIVATE_EXTERN = NO;
				GCC_WARN_64_TO_32_BIT_CONVERSION = YES;
				GCC_WARN_ABOUT_RETURN_TYPE = YES_ERROR;
				GCC_WARN_UNDECLARED_SELECTOR = YES;
				GCC_WARN_UNINITIALIZED_AUTOS = YES_AGGRESSIVE;
				GCC_WARN_UNUSED_FUNCTION = YES;
				GCC_WARN_UNUSED_VARIABLE = YES;
				MACOSX_DEPLOYMENT_TARGET = 10.9;
				ONLY_ACTIVE_ARCH = YES;
				SDKROOT = macosx;
			};
			name = Debug;
		};
		161D1A61197463600061070C /* Release */ = {
			isa = XCBuildConfiguration;
			buildSettings = {
				ALWAYS_SEARCH_USER_PATHS = NO;
				CLANG_CXX_LANGUAGE_STANDARD = "gnu++0x";
				CLANG_CXX_LIBRARY = "libc++";
				CLANG_ENABLE_MODULES = YES;
				CLANG_ENABLE_OBJC_ARC = YES;
				CLANG_WARN_BOOL_CONVERSION = YES;
				CLANG_WARN_CONSTANT_CONVERSION = YES;
				CLANG_WARN_DIRECT_OBJC_ISA_USAGE = YES_ERROR;
				CLANG_WARN_EMPTY_BODY = YES;
				CLANG_WARN_ENUM_CONVERSION = YES;
				CLANG_WARN_INT_CONVERSION = YES;
				CLANG_WARN_OBJC_ROOT_CLASS = YES_ERROR;
				CLANG_WARN__DUPLICATE_METHOD_MATCH = YES;
				COPY_PHASE_STRIP = YES;
				DEBUG_INFORMATION_FORMAT = "dwarf-with-dsym";
				ENABLE_NS_ASSERTIONS = NO;
				GCC_C_LANGUAGE_STANDARD = gnu99;
				GCC_ENABLE_OBJC_EXCEPTIONS = YES;
				GCC_WARN_64_TO_32_BIT_CONVERSION = YES;
				GCC_WARN_ABOUT_RETURN_TYPE = YES_ERROR;
				GCC_WARN_UNDECLARED_SELECTOR = YES;
				GCC_WARN_UNINITIALIZED_AUTOS = YES_AGGRESSIVE;
				GCC_WARN_UNUSED_FUNCTION = YES;
				GCC_WARN_UNUSED_VARIABLE = YES;
				MACOSX_DEPLOYMENT_TARGET = 10.9;
				SDKROOT = macosx;
			};
			name = Release;
		};
		161D1A63197463600061070C /* Debug */ = {
			isa = XCBuildConfiguration;
			buildSettings = {
				EXECUTABLE_PREFIX = lib;
				PRODUCT_NAME = "$(TARGET_NAME)";
			};
			name = Debug;
		};
		161D1A64197463600061070C /* Release */ = {
			isa = XCBuildConfiguration;
			buildSettings = {
				EXECUTABLE_PREFIX = lib;
				PRODUCT_NAME = "$(TARGET_NAME)";
			};
			name = Release;
		};
/* End XCBuildConfiguration section */

/* Begin XCConfigurationList section */
		161D1A59197463600061070C /* Build configuration list for PBXProject "PlatformData" */ = {
			isa = XCConfigurationList;
			buildConfigurations = (
				161D1A60197463600061070C /* Debug */,
				161D1A61197463600061070C /* Release */,
			);
			defaultConfigurationIsVisible = 0;
			defaultConfigurationName = Release;
		};
		161D1A62197463600061070C /* Build configuration list for PBXNativeTarget "PlatformData" */ = {
			isa = XCConfigurationList;
			buildConfigurations = (
				161D1A63197463600061070C /* Debug */,
				161D1A64197463600061070C /* Release */,
			);
			defaultConfigurationIsVisible = 0;
			defaultConfigurationName = Release;
		};
/* End XCConfigurationList section */
	};
	rootObject = 161D1A56197463600061070C /* Project object */;
}
